
Microsoft Visual Studio Solution File, Format Version 12.00
# Visual Studio 2013
VisualStudioVersion = 12.0.40629.0
MinimumVisualStudioVersion = 10.0.40219.1
Project("{FAE04EC0-301F-11D3-BF4B-00C04F79EFBC}") = "Infor.BookStore.Web", "Infor.BookStore.Web\Infor.BookStore.Web.csproj", "{4425E712-47A0-45E0-B98B-DF7A4D1276A7}"
EndProject
Project("{FAE04EC0-301F-11D3-BF4B-00C04F79EFBC}") = "Infor.BookStore.Tests", "Infor.BookStore.Tests\Infor.BookStore.Tests.csproj", "{D725EA17-3772-499D-B957-638E8AA4DF70}"
EndProject
Project("{2150E333-8FDC-42A3-9474-1A3956D46DE8}") = "Solution Items", "Solution Items", "{E18025C5-8553-42FC-89A5-05AE406AE538}"
	ProjectSection(SolutionItems) = preProject
		README.md = README.md
	EndProjectSection
EndProject
Project("{FAE04EC0-301F-11D3-BF4B-00C04F79EFBC}") = "Infor.BookStore.Connectors", "Infor.BookStore.Connectors\Infor.BookStore.Connectors.csproj", "{74F77547-205E-4E41-A569-3C2509128418}"
EndProject
Project("{FAE04EC0-301F-11D3-BF4B-00C04F79EFBC}") = "Infor.BookStore.Data", "Infor.BookStore.Data\Infor.BookStore.Data.csproj", "{33F3641D-1F8C-471A-A1CD-6DE734FE4C7B}"
EndProject
Project("{FAE04EC0-301F-11D3-BF4B-00C04F79EFBC}") = "Infor.BookStore.Business", "Infor.BookStore.Business\Infor.BookStore.Business.csproj", "{6040966D-AD20-4A93-BFAC-1456F7239C73}"
EndProject
Global
	GlobalSection(SolutionConfigurationPlatforms) = preSolution
		Debug|Any CPU = Debug|Any CPU
		Release|Any CPU = Release|Any CPU
	EndGlobalSection
	GlobalSection(ProjectConfigurationPlatforms) = postSolution
		{4425E712-47A0-45E0-B98B-DF7A4D1276A7}.Debug|Any CPU.ActiveCfg = Debug|Any CPU
		{4425E712-47A0-45E0-B98B-DF7A4D1276A7}.Debug|Any CPU.Build.0 = Debug|Any CPU
		{4425E712-47A0-45E0-B98B-DF7A4D1276A7}.Release|Any CPU.ActiveCfg = Release|Any CPU
		{4425E712-47A0-45E0-B98B-DF7A4D1276A7}.Release|Any CPU.Build.0 = Release|Any CPU
		{D725EA17-3772-499D-B957-638E8AA4DF70}.Debug|Any CPU.ActiveCfg = Debug|Any CPU
		{D725EA17-3772-499D-B957-638E8AA4DF70}.Debug|Any CPU.Build.0 = Debug|Any CPU
		{D725EA17-3772-499D-B957-638E8AA4DF70}.Release|Any CPU.ActiveCfg = Release|Any CPU
		{D725EA17-3772-499D-B957-638E8AA4DF70}.Release|Any CPU.Build.0 = Release|Any CPU
		{74F77547-205E-4E41-A569-3C2509128418}.Debug|Any CPU.ActiveCfg = Debug|Any CPU
		{74F77547-205E-4E41-A569-3C2509128418}.Debug|Any CPU.Build.0 = Debug|Any CPU
		{74F77547-205E-4E41-A569-3C2509128418}.Release|Any CPU.ActiveCfg = Release|Any CPU
		{74F77547-205E-4E41-A569-3C2509128418}.Release|Any CPU.Build.0 = Release|Any CPU
		{33F3641D-1F8C-471A-A1CD-6DE734FE4C7B}.Debug|Any CPU.ActiveCfg = Debug|Any CPU
		{33F3641D-1F8C-471A-A1CD-6DE734FE4C7B}.Debug|Any CPU.Build.0 = Debug|Any CPU
		{33F3641D-1F8C-471A-A1CD-6DE734FE4C7B}.Release|Any CPU.ActiveCfg = Release|Any CPU
		{33F3641D-1F8C-471A-A1CD-6DE734FE4C7B}.Release|Any CPU.Build.0 = Release|Any CPU
		{6040966D-AD20-4A93-BFAC-1456F7239C73}.Debug|Any CPU.ActiveCfg = Debug|Any CPU
		{6040966D-AD20-4A93-BFAC-1456F7239C73}.Debug|Any CPU.Build.0 = Debug|Any CPU
		{6040966D-AD20-4A93-BFAC-1456F7239C73}.Release|Any CPU.ActiveCfg = Release|Any CPU
		{6040966D-AD20-4A93-BFAC-1456F7239C73}.Release|Any CPU.Build.0 = Release|Any CPU
	EndGlobalSection
	GlobalSection(SolutionProperties) = preSolution
		HideSolutionNode = FALSE
	EndGlobalSection
EndGlobal
