
Microsoft Visual Studio Solution File, Format Version 12.00
# Visual Studio 2013
VisualStudioVersion = 12.0.40629.0
MinimumVisualStudioVersion = 10.0.40219.1
Project("{FAE04EC0-301F-11D3-BF4B-00C04F79EFBC}") = "Infor.BookStore.Web", "Infor.BookStore.Web\Infor.BookStore.Web.csproj", "{4425E712-47A0-45E0-B98B-DF7A4D1276A7}"
EndProject
Project("{FAE04EC0-301F-11D3-BF4B-00C04F79EFBC}") = "Infor.BookStore.Tests", "Infor.BookStore.Tests\Infor.BookStore.Tests.csproj", "{D725EA17-3772-499D-B957-638E8AA4DF70}"
EndProject
Global
	GlobalSection(SolutionConfigurationPlatforms) = preSolution
		Debug|Any CPU = Debug|Any CPU
		Release|Any CPU = Release|Any CPU
	EndGlobalSection
	GlobalSection(ProjectConfigurationPlatforms) = postSolution
		{4425E712-47A0-45E0-B98B-DF7A4D1276A7}.Debug|Any CPU.ActiveCfg = Debug|Any CPU
		{4425E712-47A0-45E0-B98B-DF7A4D1276A7}.Debug|Any CPU.Build.0 = Debug|Any CPU
		{4425E712-47A0-45E0-B98B-DF7A4D1276A7}.Release|Any CPU.ActiveCfg = Release|Any CPU
		{4425E712-47A0-45E0-B98B-DF7A4D1276A7}.Release|Any CPU.Build.0 = Release|Any CPU
		{D725EA17-3772-499D-B957-638E8AA4DF70}.Debug|Any CPU.ActiveCfg = Debug|Any CPU
		{D725EA17-3772-499D-B957-638E8AA4DF70}.Debug|Any CPU.Build.0 = Debug|Any CPU
		{D725EA17-3772-499D-B957-638E8AA4DF70}.Release|Any CPU.ActiveCfg = Release|Any CPU
		{D725EA17-3772-499D-B957-638E8AA4DF70}.Release|Any CPU.Build.0 = Release|Any CPU
	EndGlobalSection
	GlobalSection(SolutionProperties) = preSolution
		HideSolutionNode = FALSE
	EndGlobalSection
EndGlobal
